// !$*UTF8*$!
{
	archiveVersion = 1;
	classes = {
	};
	objectVersion = 46;
	objects = {

/* Begin PBXBuildFile section */
		820716A11D9B57DE0027C727 /* Province.plist in Resources */ = {isa = PBXBuildFile; fileRef = 820716A01D9B57DE0027C727 /* Province.plist */; };
		820716A51D9D104E0027C727 /* DetailViewController.swift in Sources */ = {isa = PBXBuildFile; fileRef = 820716A41D9D104E0027C727 /* DetailViewController.swift */; };
		820718A21D9E7B290027C727 /* Demo.json in Resources */ = {isa = PBXBuildFile; fileRef = 820718A11D9E7B290027C727 /* Demo.json */; };
		82A0C1421DD3775F0039D600 /* Reachability.framework in Frameworks */ = {isa = PBXBuildFile; fileRef = 82A0C0FC1DD223A50039D600 /* Reachability.framework */; };
		82A0C1431DD3775F0039D600 /* Reachability.framework in Embed Frameworks */ = {isa = PBXBuildFile; fileRef = 82A0C0FC1DD223A50039D600 /* Reachability.framework */; settings = {ATTRIBUTES = (CodeSignOnCopy, RemoveHeadersOnCopy, ); }; };
		82BADBBE1DBE434700D46AFB /* DetailedViewController.swift in Sources */ = {isa = PBXBuildFile; fileRef = 82BADBBD1DBE434700D46AFB /* DetailedViewController.swift */; };
		82CF01761D97F0C800B9B9A0 /* AppDelegate.swift in Sources */ = {isa = PBXBuildFile; fileRef = 82CF01751D97F0C800B9B9A0 /* AppDelegate.swift */; };
		82CF017B1D97F0C800B9B9A0 /* Main.storyboard in Resources */ = {isa = PBXBuildFile; fileRef = 82CF01791D97F0C800B9B9A0 /* Main.storyboard */; };
		82CF017D1D97F0C800B9B9A0 /* Assets.xcassets in Resources */ = {isa = PBXBuildFile; fileRef = 82CF017C1D97F0C800B9B9A0 /* Assets.xcassets */; };
		82CF01801D97F0C800B9B9A0 /* LaunchScreen.storyboard in Resources */ = {isa = PBXBuildFile; fileRef = 82CF017E1D97F0C800B9B9A0 /* LaunchScreen.storyboard */; };
		82CF018B1D97F0C800B9B9A0 /* BOBOResourceTests.swift in Sources */ = {isa = PBXBuildFile; fileRef = 82CF018A1D97F0C800B9B9A0 /* BOBOResourceTests.swift */; };
		82CF01961D97F0C800B9B9A0 /* BOBOResourceUITests.swift in Sources */ = {isa = PBXBuildFile; fileRef = 82CF01951D97F0C800B9B9A0 /* BOBOResourceUITests.swift */; };
		82CF01AA1D97F46B00B9B9A0 /* 1.png in Resources */ = {isa = PBXBuildFile; fileRef = 82CF01A61D97F46B00B9B9A0 /* 1.png */; };
		82CF01AB1D97F46B00B9B9A0 /* 2.png in Resources */ = {isa = PBXBuildFile; fileRef = 82CF01A71D97F46B00B9B9A0 /* 2.png */; };
		82CF01AC1D97F46B00B9B9A0 /* 3.png in Resources */ = {isa = PBXBuildFile; fileRef = 82CF01A81D97F46B00B9B9A0 /* 3.png */; };
		82CF01AD1D97F46B00B9B9A0 /* background.png in Resources */ = {isa = PBXBuildFile; fileRef = 82CF01A91D97F46B00B9B9A0 /* background.png */; };
		82CF01AF1D97F4F700B9B9A0 /* MainViewController.swift in Sources */ = {isa = PBXBuildFile; fileRef = 82CF01AE1D97F4F700B9B9A0 /* MainViewController.swift */; };
		82CF01B11D97F50600B9B9A0 /* FirstViewController.swift in Sources */ = {isa = PBXBuildFile; fileRef = 82CF01B01D97F50600B9B9A0 /* FirstViewController.swift */; };
		82CF01B31D97F51800B9B9A0 /* SecondViewController.swift in Sources */ = {isa = PBXBuildFile; fileRef = 82CF01B21D97F51800B9B9A0 /* SecondViewController.swift */; };
		82CF01B51D97F52E00B9B9A0 /* ThirdViewController.swift in Sources */ = {isa = PBXBuildFile; fileRef = 82CF01B41D97F52E00B9B9A0 /* ThirdViewController.swift */; };
		82CF01B71D9807AF00B9B9A0 /* FirstCourse.plist in Resources */ = {isa = PBXBuildFile; fileRef = 82CF01B61D9807AF00B9B9A0 /* FirstCourse.plist */; };
		82CF01B91D99312B00B9B9A0 /* SouthAfrica.png in Resources */ = {isa = PBXBuildFile; fileRef = 82CF01B81D99312B00B9B9A0 /* SouthAfrica.png */; };
		82F08FCE1DA49F4800AA79FC /* SwiftyJSON.framework in Frameworks */ = {isa = PBXBuildFile; fileRef = 820718931D9E683A0027C727 /* SwiftyJSON.framework */; };
		82F08FCF1DA49F4800AA79FC /* SwiftyJSON.framework in Embed Frameworks */ = {isa = PBXBuildFile; fileRef = 820718931D9E683A0027C727 /* SwiftyJSON.framework */; settings = {ATTRIBUTES = (CodeSignOnCopy, RemoveHeadersOnCopy, ); }; };
		82F08FEA1DA6446A00AA79FC /* Demo2.json in Resources */ = {isa = PBXBuildFile; fileRef = 82F08FE91DA6446A00AA79FC /* Demo2.json */; };
		82F08FF21DA6447D00AA79FC /* Demo3.json in Resources */ = {isa = PBXBuildFile; fileRef = 82F08FF11DA6447D00AA79FC /* Demo3.json */; };
/* End PBXBuildFile section */

/* Begin PBXContainerItemProxy section */
		820718921D9E683A0027C727 /* PBXContainerItemProxy */ = {
			isa = PBXContainerItemProxy;
			containerPortal = 820718881D9E683A0027C727 /* SwiftyJSON.xcodeproj */;
			proxyType = 2;
			remoteGlobalIDString = 2E4FEFDB19575BE100351305;
			remoteInfo = "SwiftyJSON iOS";
		};
		820718941D9E683A0027C727 /* PBXContainerItemProxy */ = {
			isa = PBXContainerItemProxy;
			containerPortal = 820718881D9E683A0027C727 /* SwiftyJSON.xcodeproj */;
			proxyType = 2;
			remoteGlobalIDString = 2E4FEFE619575BE100351305;
			remoteInfo = "SwiftyJSON iOS Tests";
		};
		820718961D9E683A0027C727 /* PBXContainerItemProxy */ = {
			isa = PBXContainerItemProxy;
			containerPortal = 820718881D9E683A0027C727 /* SwiftyJSON.xcodeproj */;
			proxyType = 2;
			remoteGlobalIDString = 9C7DFC5B1A9102BD005AA3F7;
			remoteInfo = "SwiftyJSON OSX";
		};
		820718981D9E683A0027C727 /* PBXContainerItemProxy */ = {
			isa = PBXContainerItemProxy;
			containerPortal = 820718881D9E683A0027C727 /* SwiftyJSON.xcodeproj */;
			proxyType = 2;
			remoteGlobalIDString = 9C7DFC651A9102BD005AA3F7;
			remoteInfo = "SwiftyJSON OSX Tests";
		};
		8207189A1D9E683A0027C727 /* PBXContainerItemProxy */ = {
			isa = PBXContainerItemProxy;
			containerPortal = 820718881D9E683A0027C727 /* SwiftyJSON.xcodeproj */;
			proxyType = 2;
			remoteGlobalIDString = E4D7CCE81B9465A700EE7221;
			remoteInfo = "SwiftyJSON watchOS";
		};
		8207189C1D9E683A0027C727 /* PBXContainerItemProxy */ = {
			isa = PBXContainerItemProxy;
			containerPortal = 820718881D9E683A0027C727 /* SwiftyJSON.xcodeproj */;
			proxyType = 2;
			remoteGlobalIDString = 7236B4F61BAC14150020529B;
			remoteInfo = "SwiftyJSON tvOS";
		};
		8207189E1D9E683A0027C727 /* PBXContainerItemProxy */ = {
			isa = PBXContainerItemProxy;
			containerPortal = 820718881D9E683A0027C727 /* SwiftyJSON.xcodeproj */;
			proxyType = 2;
			remoteGlobalIDString = A8580F741BCF5C5B00DA927B;
			remoteInfo = "SwiftyJSON tvOS Tests";
		};
		820D766D1DDC35CF00FE1554 /* PBXContainerItemProxy */ = {
			isa = PBXContainerItemProxy;
			containerPortal = 820D76621DDC35CF00FE1554 /* Alamofire.xcodeproj */;
			proxyType = 2;
			remoteGlobalIDString = F8111E3319A95C8B0040E7D1;
			remoteInfo = "Alamofire iOS";
		};
		820D766F1DDC35CF00FE1554 /* PBXContainerItemProxy */ = {
			isa = PBXContainerItemProxy;
			containerPortal = 820D76621DDC35CF00FE1554 /* Alamofire.xcodeproj */;
			proxyType = 2;
			remoteGlobalIDString = F8111E3E19A95C8B0040E7D1;
			remoteInfo = "Alamofire iOS Tests";
		};
		820D76711DDC35CF00FE1554 /* PBXContainerItemProxy */ = {
			isa = PBXContainerItemProxy;
			containerPortal = 820D76621DDC35CF00FE1554 /* Alamofire.xcodeproj */;
			proxyType = 2;
			remoteGlobalIDString = 4DD67C0B1A5C55C900ED2280;
			remoteInfo = "Alamofire macOS";
		};
		820D76731DDC35CF00FE1554 /* PBXContainerItemProxy */ = {
			isa = PBXContainerItemProxy;
			containerPortal = 820D76621DDC35CF00FE1554 /* Alamofire.xcodeproj */;
			proxyType = 2;
			remoteGlobalIDString = F829C6B21A7A94F100A2CD59;
			remoteInfo = "Alamofire macOS Tests";
		};
		820D76751DDC35CF00FE1554 /* PBXContainerItemProxy */ = {
			isa = PBXContainerItemProxy;
			containerPortal = 820D76621DDC35CF00FE1554 /* Alamofire.xcodeproj */;
			proxyType = 2;
			remoteGlobalIDString = 4CF626EF1BA7CB3E0011A099;
			remoteInfo = "Alamofire tvOS";
		};
		820D76771DDC35CF00FE1554 /* PBXContainerItemProxy */ = {
			isa = PBXContainerItemProxy;
			containerPortal = 820D76621DDC35CF00FE1554 /* Alamofire.xcodeproj */;
			proxyType = 2;
			remoteGlobalIDString = 4CF626F81BA7CB3E0011A099;
			remoteInfo = "Alamofire tvOS Tests";
		};
		820D76791DDC35CF00FE1554 /* PBXContainerItemProxy */ = {
			isa = PBXContainerItemProxy;
			containerPortal = 820D76621DDC35CF00FE1554 /* Alamofire.xcodeproj */;
			proxyType = 2;
			remoteGlobalIDString = E4202FE01B667AA100C997FB;
			remoteInfo = "Alamofire watchOS";
		};
		82A0C0FB1DD223A50039D600 /* PBXContainerItemProxy */ = {
			isa = PBXContainerItemProxy;
			containerPortal = 82A0C0F21DD223A50039D600 /* Reachability.xcodeproj */;
			proxyType = 2;
			remoteGlobalIDString = AA7344721BE7678B008AFE69;
			remoteInfo = Reachability;
		};
		82A0C0FD1DD223A50039D600 /* PBXContainerItemProxy */ = {
			isa = PBXContainerItemProxy;
			containerPortal = 82A0C0F21DD223A50039D600 /* Reachability.xcodeproj */;
			proxyType = 2;
			remoteGlobalIDString = 00C54B111C09CD9C001C3F12;
			remoteInfo = ReachabilityMac;
		};
		82A0C0FF1DD223A50039D600 /* PBXContainerItemProxy */ = {
			isa = PBXContainerItemProxy;
			containerPortal = 82A0C0F21DD223A50039D600 /* Reachability.xcodeproj */;
			proxyType = 2;
			remoteGlobalIDString = 57A45A2A1C197F4800384AE4;
			remoteInfo = ReachabilityTV;
		};
		82A0C1011DD223A50039D600 /* PBXContainerItemProxy */ = {
			isa = PBXContainerItemProxy;
			containerPortal = 82A0C0F21DD223A50039D600 /* Reachability.xcodeproj */;
			proxyType = 2;
			remoteGlobalIDString = AA7344901BE76820008AFE69;
			remoteInfo = ReachabilitySample;
		};
		82A0C1031DD223A50039D600 /* PBXContainerItemProxy */ = {
			isa = PBXContainerItemProxy;
			containerPortal = 82A0C0F21DD223A50039D600 /* Reachability.xcodeproj */;
			proxyType = 2;
			remoteGlobalIDString = 00C54B1F1C09CF67001C3F12;
			remoteInfo = ReachabilityMacSample;
		};
		82A0C1051DD223A50039D600 /* PBXContainerItemProxy */ = {
			isa = PBXContainerItemProxy;
			containerPortal = 82A0C0F21DD223A50039D600 /* Reachability.xcodeproj */;
			proxyType = 2;
			remoteGlobalIDString = 57A45A011C197BE800384AE4;
			remoteInfo = ReachabilityAppleTVSample;
		};
		82A0C1441DD3775F0039D600 /* PBXContainerItemProxy */ = {
			isa = PBXContainerItemProxy;
			containerPortal = 82A0C0F21DD223A50039D600 /* Reachability.xcodeproj */;
			proxyType = 1;
			remoteGlobalIDString = AA7344711BE7678B008AFE69;
			remoteInfo = Reachability;
		};
		82CF01871D97F0C800B9B9A0 /* PBXContainerItemProxy */ = {
			isa = PBXContainerItemProxy;
			containerPortal = 82CF016A1D97F0C800B9B9A0 /* Project object */;
			proxyType = 1;
			remoteGlobalIDString = 82CF01711D97F0C800B9B9A0;
			remoteInfo = BOBOResource;
		};
		82CF01921D97F0C800B9B9A0 /* PBXContainerItemProxy */ = {
			isa = PBXContainerItemProxy;
			containerPortal = 82CF016A1D97F0C800B9B9A0 /* Project object */;
			proxyType = 1;
			remoteGlobalIDString = 82CF01711D97F0C800B9B9A0;
			remoteInfo = BOBOResource;
		};
		82F08FD01DA49F4800AA79FC /* PBXContainerItemProxy */ = {
			isa = PBXContainerItemProxy;
			containerPortal = 820718881D9E683A0027C727 /* SwiftyJSON.xcodeproj */;
			proxyType = 1;
			remoteGlobalIDString = 2E4FEFDA19575BE100351305;
			remoteInfo = "SwiftyJSON iOS";
		};
/* End PBXContainerItemProxy section */

/* Begin PBXCopyFilesBuildPhase section */
		82F08FD21DA49F4800AA79FC /* Embed Frameworks */ = {
			isa = PBXCopyFilesBuildPhase;
			buildActionMask = 2147483647;
			dstPath = "";
			dstSubfolderSpec = 10;
			files = (
				82F08FCF1DA49F4800AA79FC /* SwiftyJSON.framework in Embed Frameworks */,
				82A0C1431DD3775F0039D600 /* Reachability.framework in Embed Frameworks */,
			);
			name = "Embed Frameworks";
			runOnlyForDeploymentPostprocessing = 0;
		};
/* End PBXCopyFilesBuildPhase section */

/* Begin PBXFileReference section */
		820716A01D9B57DE0027C727 /* Province.plist */ = {isa = PBXFileReference; fileEncoding = 4; lastKnownFileType = text.plist.xml; path = Province.plist; sourceTree = "<group>"; };
		820716A41D9D104E0027C727 /* DetailViewController.swift */ = {isa = PBXFileReference; fileEncoding = 4; lastKnownFileType = sourcecode.swift; path = DetailViewController.swift; sourceTree = "<group>"; };
		820718881D9E683A0027C727 /* SwiftyJSON.xcodeproj */ = {isa = PBXFileReference; lastKnownFileType = "wrapper.pb-project"; name = SwiftyJSON.xcodeproj; path = ../../../Desktop/swift/SwiftyJSON/SwiftyJSON.xcodeproj; sourceTree = "<group>"; };
		820718A11D9E7B290027C727 /* Demo.json */ = {isa = PBXFileReference; fileEncoding = 4; lastKnownFileType = text.json; path = Demo.json; sourceTree = "<group>"; };
		820D76621DDC35CF00FE1554 /* Alamofire.xcodeproj */ = {isa = PBXFileReference; lastKnownFileType = "wrapper.pb-project"; name = Alamofire.xcodeproj; path = ../../../Desktop/swift/Alamofire/Alamofire.xcodeproj; sourceTree = "<group>"; };
		82A0C0F21DD223A50039D600 /* Reachability.xcodeproj */ = {isa = PBXFileReference; lastKnownFileType = "wrapper.pb-project"; name = Reachability.xcodeproj; path = ../../../Desktop/swift/Reachability.swift/Reachability.xcodeproj; sourceTree = "<group>"; };
		82BADBBD1DBE434700D46AFB /* DetailedViewController.swift */ = {isa = PBXFileReference; fileEncoding = 4; lastKnownFileType = sourcecode.swift; path = DetailedViewController.swift; sourceTree = "<group>"; };
		82CF01721D97F0C800B9B9A0 /* BOBOResource.app */ = {isa = PBXFileReference; explicitFileType = wrapper.application; includeInIndex = 0; path = BOBOResource.app; sourceTree = BUILT_PRODUCTS_DIR; };
		82CF01751D97F0C800B9B9A0 /* AppDelegate.swift */ = {isa = PBXFileReference; lastKnownFileType = sourcecode.swift; path = AppDelegate.swift; sourceTree = "<group>"; };
		82CF017A1D97F0C800B9B9A0 /* Base */ = {isa = PBXFileReference; lastKnownFileType = file.storyboard; name = Base; path = Base.lproj/Main.storyboard; sourceTree = "<group>"; };
		82CF017C1D97F0C800B9B9A0 /* Assets.xcassets */ = {isa = PBXFileReference; lastKnownFileType = folder.assetcatalog; path = Assets.xcassets; sourceTree = "<group>"; };
		82CF017F1D97F0C800B9B9A0 /* Base */ = {isa = PBXFileReference; lastKnownFileType = file.storyboard; name = Base; path = Base.lproj/LaunchScreen.storyboard; sourceTree = "<group>"; };
		82CF01811D97F0C800B9B9A0 /* Info.plist */ = {isa = PBXFileReference; lastKnownFileType = text.plist.xml; path = Info.plist; sourceTree = "<group>"; };
		82CF01861D97F0C800B9B9A0 /* BOBOResourceTests.xctest */ = {isa = PBXFileReference; explicitFileType = wrapper.cfbundle; includeInIndex = 0; path = BOBOResourceTests.xctest; sourceTree = BUILT_PRODUCTS_DIR; };
		82CF018A1D97F0C800B9B9A0 /* BOBOResourceTests.swift */ = {isa = PBXFileReference; lastKnownFileType = sourcecode.swift; path = BOBOResourceTests.swift; sourceTree = "<group>"; };
		82CF018C1D97F0C800B9B9A0 /* Info.plist */ = {isa = PBXFileReference; lastKnownFileType = text.plist.xml; path = Info.plist; sourceTree = "<group>"; };
		82CF01911D97F0C800B9B9A0 /* BOBOResourceUITests.xctest */ = {isa = PBXFileReference; explicitFileType = wrapper.cfbundle; includeInIndex = 0; path = BOBOResourceUITests.xctest; sourceTree = BUILT_PRODUCTS_DIR; };
		82CF01951D97F0C800B9B9A0 /* BOBOResourceUITests.swift */ = {isa = PBXFileReference; lastKnownFileType = sourcecode.swift; path = BOBOResourceUITests.swift; sourceTree = "<group>"; };
		82CF01971D97F0C800B9B9A0 /* Info.plist */ = {isa = PBXFileReference; lastKnownFileType = text.plist.xml; path = Info.plist; sourceTree = "<group>"; };
		82CF01A61D97F46B00B9B9A0 /* 1.png */ = {isa = PBXFileReference; lastKnownFileType = image.png; path = 1.png; sourceTree = "<group>"; };
		82CF01A71D97F46B00B9B9A0 /* 2.png */ = {isa = PBXFileReference; lastKnownFileType = image.png; path = 2.png; sourceTree = "<group>"; };
		82CF01A81D97F46B00B9B9A0 /* 3.png */ = {isa = PBXFileReference; lastKnownFileType = image.png; path = 3.png; sourceTree = "<group>"; };
		82CF01A91D97F46B00B9B9A0 /* background.png */ = {isa = PBXFileReference; lastKnownFileType = image.png; path = background.png; sourceTree = "<group>"; };
		82CF01AE1D97F4F700B9B9A0 /* MainViewController.swift */ = {isa = PBXFileReference; fileEncoding = 4; lastKnownFileType = sourcecode.swift; path = MainViewController.swift; sourceTree = "<group>"; };
		82CF01B01D97F50600B9B9A0 /* FirstViewController.swift */ = {isa = PBXFileReference; fileEncoding = 4; lastKnownFileType = sourcecode.swift; path = FirstViewController.swift; sourceTree = "<group>"; };
		82CF01B21D97F51800B9B9A0 /* SecondViewController.swift */ = {isa = PBXFileReference; fileEncoding = 4; lastKnownFileType = sourcecode.swift; path = SecondViewController.swift; sourceTree = "<group>"; };
		82CF01B41D97F52E00B9B9A0 /* ThirdViewController.swift */ = {isa = PBXFileReference; fileEncoding = 4; lastKnownFileType = sourcecode.swift; path = ThirdViewController.swift; sourceTree = "<group>"; };
		82CF01B61D9807AF00B9B9A0 /* FirstCourse.plist */ = {isa = PBXFileReference; fileEncoding = 4; lastKnownFileType = text.plist.xml; path = FirstCourse.plist; sourceTree = "<group>"; };
		82CF01B81D99312B00B9B9A0 /* SouthAfrica.png */ = {isa = PBXFileReference; lastKnownFileType = image.png; path = SouthAfrica.png; sourceTree = "<group>"; };
		82F08FE91DA6446A00AA79FC /* Demo2.json */ = {isa = PBXFileReference; fileEncoding = 4; lastKnownFileType = text.json; path = Demo2.json; sourceTree = "<group>"; };
		82F08FF11DA6447D00AA79FC /* Demo3.json */ = {isa = PBXFileReference; fileEncoding = 4; lastKnownFileType = text.json; path = Demo3.json; sourceTree = "<group>"; };
/* End PBXFileReference section */

/* Begin PBXFrameworksBuildPhase section */
		82CF016F1D97F0C800B9B9A0 /* Frameworks */ = {
			isa = PBXFrameworksBuildPhase;
			buildActionMask = 2147483647;
			files = (
				82F08FCE1DA49F4800AA79FC /* SwiftyJSON.framework in Frameworks */,
				82A0C1421DD3775F0039D600 /* Reachability.framework in Frameworks */,
			);
			runOnlyForDeploymentPostprocessing = 0;
		};
		82CF01831D97F0C800B9B9A0 /* Frameworks */ = {
			isa = PBXFrameworksBuildPhase;
			buildActionMask = 2147483647;
			files = (
			);
			runOnlyForDeploymentPostprocessing = 0;
		};
		82CF018E1D97F0C800B9B9A0 /* Frameworks */ = {
			isa = PBXFrameworksBuildPhase;
			buildActionMask = 2147483647;
			files = (
			);
			runOnlyForDeploymentPostprocessing = 0;
		};
/* End PBXFrameworksBuildPhase section */

/* Begin PBXGroup section */
		820717BA1D9D72420027C727 /* Frameworks */ = {
			isa = PBXGroup;
			children = (
				820D76621DDC35CF00FE1554 /* Alamofire.xcodeproj */,
				82A0C0F21DD223A50039D600 /* Reachability.xcodeproj */,
				820718881D9E683A0027C727 /* SwiftyJSON.xcodeproj */,
			);
			name = Frameworks;
			sourceTree = "<group>";
		};
		820718891D9E683A0027C727 /* Products */ = {
			isa = PBXGroup;
			children = (
				820718931D9E683A0027C727 /* SwiftyJSON.framework */,
				820718951D9E683A0027C727 /* SwiftyJSON iOS Tests.xctest */,
				820718971D9E683A0027C727 /* SwiftyJSON.framework */,
				820718991D9E683A0027C727 /* SwiftyJSON OSX Tests.xctest */,
				8207189B1D9E683A0027C727 /* SwiftyJSON.framework */,
				8207189D1D9E683A0027C727 /* SwiftyJSON.framework */,
				8207189F1D9E683A0027C727 /* SwiftyJSON tvOS Tests.xctest */,
			);
			name = Products;
			sourceTree = "<group>";
		};
		820D76631DDC35CF00FE1554 /* Products */ = {
			isa = PBXGroup;
			children = (
				820D766E1DDC35CF00FE1554 /* Alamofire.framework */,
				820D76701DDC35CF00FE1554 /* Alamofire iOS Tests.xctest */,
				820D76721DDC35CF00FE1554 /* Alamofire.framework */,
				820D76741DDC35CF00FE1554 /* Alamofire macOS Tests.xctest */,
				820D76761DDC35CF00FE1554 /* Alamofire.framework */,
				820D76781DDC35CF00FE1554 /* Alamofire tvOS Tests.xctest */,
				820D767A1DDC35CF00FE1554 /* Alamofire.framework */,
			);
			name = Products;
			sourceTree = "<group>";
		};
		82A0C0F31DD223A50039D600 /* Products */ = {
			isa = PBXGroup;
			children = (
				82A0C0FC1DD223A50039D600 /* Reachability.framework */,
				82A0C0FE1DD223A50039D600 /* Reachability.framework */,
				82A0C1001DD223A50039D600 /* Reachability.framework */,
				82A0C1021DD223A50039D600 /* ReachabilitySample.app */,
				82A0C1041DD223A50039D600 /* ReachabilityMacSample.app */,
				82A0C1061DD223A50039D600 /* ReachabilityAppleTVSample.app */,
			);
			name = Products;
			sourceTree = "<group>";
		};
		82CF01691D97F0C800B9B9A0 = {
			isa = PBXGroup;
			children = (
				82CF01741D97F0C800B9B9A0 /* BOBOResource */,
				82CF01891D97F0C800B9B9A0 /* BOBOResourceTests */,
				82CF01941D97F0C800B9B9A0 /* BOBOResourceUITests */,
				82CF01731D97F0C800B9B9A0 /* Products */,
				820717BA1D9D72420027C727 /* Frameworks */,
			);
			sourceTree = "<group>";
		};
		82CF01731D97F0C800B9B9A0 /* Products */ = {
			isa = PBXGroup;
			children = (
				82CF01721D97F0C800B9B9A0 /* BOBOResource.app */,
				82CF01861D97F0C800B9B9A0 /* BOBOResourceTests.xctest */,
				82CF01911D97F0C800B9B9A0 /* BOBOResourceUITests.xctest */,
			);
			name = Products;
			sourceTree = "<group>";
		};
		82CF01741D97F0C800B9B9A0 /* BOBOResource */ = {
			isa = PBXGroup;
			children = (
				82CF01A51D97F46B00B9B9A0 /* image */,
				82CF01751D97F0C800B9B9A0 /* AppDelegate.swift */,
				82CF01791D97F0C800B9B9A0 /* Main.storyboard */,
				82CF017C1D97F0C800B9B9A0 /* Assets.xcassets */,
				82CF017E1D97F0C800B9B9A0 /* LaunchScreen.storyboard */,
				82CF01811D97F0C800B9B9A0 /* Info.plist */,
				82CF01AE1D97F4F700B9B9A0 /* MainViewController.swift */,
				82CF01B01D97F50600B9B9A0 /* FirstViewController.swift */,
				82CF01B21D97F51800B9B9A0 /* SecondViewController.swift */,
				82CF01B41D97F52E00B9B9A0 /* ThirdViewController.swift */,
				82CF01B61D9807AF00B9B9A0 /* FirstCourse.plist */,
				820716A01D9B57DE0027C727 /* Province.plist */,
				820716A41D9D104E0027C727 /* DetailViewController.swift */,
				82F08FF11DA6447D00AA79FC /* Demo3.json */,
				820718A11D9E7B290027C727 /* Demo.json */,
				82F08FE91DA6446A00AA79FC /* Demo2.json */,
				82BADBBD1DBE434700D46AFB /* DetailedViewController.swift */,
			);
			path = BOBOResource;
			sourceTree = "<group>";
		};
		82CF01891D97F0C800B9B9A0 /* BOBOResourceTests */ = {
			isa = PBXGroup;
			children = (
				82CF018A1D97F0C800B9B9A0 /* BOBOResourceTests.swift */,
				82CF018C1D97F0C800B9B9A0 /* Info.plist */,
			);
			path = BOBOResourceTests;
			sourceTree = "<group>";
		};
		82CF01941D97F0C800B9B9A0 /* BOBOResourceUITests */ = {
			isa = PBXGroup;
			children = (
				82CF01951D97F0C800B9B9A0 /* BOBOResourceUITests.swift */,
				82CF01971D97F0C800B9B9A0 /* Info.plist */,
			);
			path = BOBOResourceUITests;
			sourceTree = "<group>";
		};
		82CF01A51D97F46B00B9B9A0 /* image */ = {
			isa = PBXGroup;
			children = (
				82CF01B81D99312B00B9B9A0 /* SouthAfrica.png */,
				82CF01A61D97F46B00B9B9A0 /* 1.png */,
				82CF01A71D97F46B00B9B9A0 /* 2.png */,
				82CF01A81D97F46B00B9B9A0 /* 3.png */,
				82CF01A91D97F46B00B9B9A0 /* background.png */,
			);
			path = image;
			sourceTree = "<group>";
		};
/* End PBXGroup section */

/* Begin PBXNativeTarget section */
		82CF01711D97F0C800B9B9A0 /* BOBOResource */ = {
			isa = PBXNativeTarget;
			buildConfigurationList = 82CF019A1D97F0C800B9B9A0 /* Build configuration list for PBXNativeTarget "BOBOResource" */;
			buildPhases = (
				82CF016E1D97F0C800B9B9A0 /* Sources */,
				82CF016F1D97F0C800B9B9A0 /* Frameworks */,
				82CF01701D97F0C800B9B9A0 /* Resources */,
				82F08FD21DA49F4800AA79FC /* Embed Frameworks */,
			);
			buildRules = (
			);
			dependencies = (
				82F08FD11DA49F4800AA79FC /* PBXTargetDependency */,
				82A0C1451DD3775F0039D600 /* PBXTargetDependency */,
			);
			name = BOBOResource;
			productName = BOBOResource;
			productReference = 82CF01721D97F0C800B9B9A0 /* BOBOResource.app */;
			productType = "com.apple.product-type.application";
		};
		82CF01851D97F0C800B9B9A0 /* BOBOResourceTests */ = {
			isa = PBXNativeTarget;
			buildConfigurationList = 82CF019D1D97F0C800B9B9A0 /* Build configuration list for PBXNativeTarget "BOBOResourceTests" */;
			buildPhases = (
				82CF01821D97F0C800B9B9A0 /* Sources */,
				82CF01831D97F0C800B9B9A0 /* Frameworks */,
				82CF01841D97F0C800B9B9A0 /* Resources */,
			);
			buildRules = (
			);
			dependencies = (
				82CF01881D97F0C800B9B9A0 /* PBXTargetDependency */,
			);
			name = BOBOResourceTests;
			productName = BOBOResourceTests;
			productReference = 82CF01861D97F0C800B9B9A0 /* BOBOResourceTests.xctest */;
			productType = "com.apple.product-type.bundle.unit-test";
		};
		82CF01901D97F0C800B9B9A0 /* BOBOResourceUITests */ = {
			isa = PBXNativeTarget;
			buildConfigurationList = 82CF01A01D97F0C800B9B9A0 /* Build configuration list for PBXNativeTarget "BOBOResourceUITests" */;
			buildPhases = (
				82CF018D1D97F0C800B9B9A0 /* Sources */,
				82CF018E1D97F0C800B9B9A0 /* Frameworks */,
				82CF018F1D97F0C800B9B9A0 /* Resources */,
			);
			buildRules = (
			);
			dependencies = (
				82CF01931D97F0C800B9B9A0 /* PBXTargetDependency */,
			);
			name = BOBOResourceUITests;
			productName = BOBOResourceUITests;
			productReference = 82CF01911D97F0C800B9B9A0 /* BOBOResourceUITests.xctest */;
			productType = "com.apple.product-type.bundle.ui-testing";
		};
/* End PBXNativeTarget section */

/* Begin PBXProject section */
		82CF016A1D97F0C800B9B9A0 /* Project object */ = {
			isa = PBXProject;
			attributes = {
				LastSwiftUpdateCheck = 0800;
				LastUpgradeCheck = 0810;
				ORGANIZATIONNAME = "杜波";
				TargetAttributes = {
					82CF01711D97F0C800B9B9A0 = {
						CreatedOnToolsVersion = 8.0;
						DevelopmentTeam = C4JBYMVTNL;
						ProvisioningStyle = Automatic;
					};
					82CF01851D97F0C800B9B9A0 = {
						CreatedOnToolsVersion = 8.0;
						ProvisioningStyle = Automatic;
						TestTargetID = 82CF01711D97F0C800B9B9A0;
					};
					82CF01901D97F0C800B9B9A0 = {
						CreatedOnToolsVersion = 8.0;
						ProvisioningStyle = Automatic;
						TestTargetID = 82CF01711D97F0C800B9B9A0;
					};
				};
			};
			buildConfigurationList = 82CF016D1D97F0C800B9B9A0 /* Build configuration list for PBXProject "BOBOResource" */;
			compatibilityVersion = "Xcode 3.2";
			developmentRegion = English;
			hasScannedForEncodings = 0;
			knownRegions = (
				en,
				Base,
			);
			mainGroup = 82CF01691D97F0C800B9B9A0;
			productRefGroup = 82CF01731D97F0C800B9B9A0 /* Products */;
			projectDirPath = "";
			projectReferences = (
				{
					ProductGroup = 820D76631DDC35CF00FE1554 /* Products */;
					ProjectRef = 820D76621DDC35CF00FE1554 /* Alamofire.xcodeproj */;
				},
				{
					ProductGroup = 82A0C0F31DD223A50039D600 /* Products */;
					ProjectRef = 82A0C0F21DD223A50039D600 /* Reachability.xcodeproj */;
				},
				{
					ProductGroup = 820718891D9E683A0027C727 /* Products */;
					ProjectRef = 820718881D9E683A0027C727 /* SwiftyJSON.xcodeproj */;
				},
			);
			projectRoot = "";
			targets = (
				82CF01711D97F0C800B9B9A0 /* BOBOResource */,
				82CF01851D97F0C800B9B9A0 /* BOBOResourceTests */,
				82CF01901D97F0C800B9B9A0 /* BOBOResourceUITests */,
			);
		};
/* End PBXProject section */

/* Begin PBXReferenceProxy section */
		820718931D9E683A0027C727 /* SwiftyJSON.framework */ = {
			isa = PBXReferenceProxy;
			fileType = wrapper.framework;
			path = SwiftyJSON.framework;
			remoteRef = 820718921D9E683A0027C727 /* PBXContainerItemProxy */;
			sourceTree = BUILT_PRODUCTS_DIR;
		};
		820718951D9E683A0027C727 /* SwiftyJSON iOS Tests.xctest */ = {
			isa = PBXReferenceProxy;
			fileType = wrapper.cfbundle;
			path = "SwiftyJSON iOS Tests.xctest";
			remoteRef = 820718941D9E683A0027C727 /* PBXContainerItemProxy */;
			sourceTree = BUILT_PRODUCTS_DIR;
		};
		820718971D9E683A0027C727 /* SwiftyJSON.framework */ = {
			isa = PBXReferenceProxy;
			fileType = wrapper.framework;
			path = SwiftyJSON.framework;
			remoteRef = 820718961D9E683A0027C727 /* PBXContainerItemProxy */;
			sourceTree = BUILT_PRODUCTS_DIR;
		};
		820718991D9E683A0027C727 /* SwiftyJSON OSX Tests.xctest */ = {
			isa = PBXReferenceProxy;
			fileType = wrapper.cfbundle;
			path = "SwiftyJSON OSX Tests.xctest";
			remoteRef = 820718981D9E683A0027C727 /* PBXContainerItemProxy */;
			sourceTree = BUILT_PRODUCTS_DIR;
		};
		8207189B1D9E683A0027C727 /* SwiftyJSON.framework */ = {
			isa = PBXReferenceProxy;
			fileType = wrapper.framework;
			path = SwiftyJSON.framework;
			remoteRef = 8207189A1D9E683A0027C727 /* PBXContainerItemProxy */;
			sourceTree = BUILT_PRODUCTS_DIR;
		};
		8207189D1D9E683A0027C727 /* SwiftyJSON.framework */ = {
			isa = PBXReferenceProxy;
			fileType = wrapper.framework;
			path = SwiftyJSON.framework;
			remoteRef = 8207189C1D9E683A0027C727 /* PBXContainerItemProxy */;
			sourceTree = BUILT_PRODUCTS_DIR;
		};
		8207189F1D9E683A0027C727 /* SwiftyJSON tvOS Tests.xctest */ = {
			isa = PBXReferenceProxy;
			fileType = wrapper.cfbundle;
			path = "SwiftyJSON tvOS Tests.xctest";
			remoteRef = 8207189E1D9E683A0027C727 /* PBXContainerItemProxy */;
			sourceTree = BUILT_PRODUCTS_DIR;
		};
		820D766E1DDC35CF00FE1554 /* Alamofire.framework */ = {
			isa = PBXReferenceProxy;
			fileType = wrapper.framework;
			path = Alamofire.framework;
			remoteRef = 820D766D1DDC35CF00FE1554 /* PBXContainerItemProxy */;
			sourceTree = BUILT_PRODUCTS_DIR;
		};
		820D76701DDC35CF00FE1554 /* Alamofire iOS Tests.xctest */ = {
			isa = PBXReferenceProxy;
			fileType = wrapper.cfbundle;
			path = "Alamofire iOS Tests.xctest";
			remoteRef = 820D766F1DDC35CF00FE1554 /* PBXContainerItemProxy */;
			sourceTree = BUILT_PRODUCTS_DIR;
		};
		820D76721DDC35CF00FE1554 /* Alamofire.framework */ = {
			isa = PBXReferenceProxy;
			fileType = wrapper.framework;
			path = Alamofire.framework;
			remoteRef = 820D76711DDC35CF00FE1554 /* PBXContainerItemProxy */;
			sourceTree = BUILT_PRODUCTS_DIR;
		};
		820D76741DDC35CF00FE1554 /* Alamofire macOS Tests.xctest */ = {
			isa = PBXReferenceProxy;
			fileType = wrapper.cfbundle;
			path = "Alamofire macOS Tests.xctest";
			remoteRef = 820D76731DDC35CF00FE1554 /* PBXContainerItemProxy */;
			sourceTree = BUILT_PRODUCTS_DIR;
		};
		820D76761DDC35CF00FE1554 /* Alamofire.framework */ = {
			isa = PBXReferenceProxy;
			fileType = wrapper.framework;
			path = Alamofire.framework;
			remoteRef = 820D76751DDC35CF00FE1554 /* PBXContainerItemProxy */;
			sourceTree = BUILT_PRODUCTS_DIR;
		};
		820D76781DDC35CF00FE1554 /* Alamofire tvOS Tests.xctest */ = {
			isa = PBXReferenceProxy;
			fileType = wrapper.cfbundle;
			path = "Alamofire tvOS Tests.xctest";
			remoteRef = 820D76771DDC35CF00FE1554 /* PBXContainerItemProxy */;
			sourceTree = BUILT_PRODUCTS_DIR;
		};
		820D767A1DDC35CF00FE1554 /* Alamofire.framework */ = {
			isa = PBXReferenceProxy;
			fileType = wrapper.framework;
			path = Alamofire.framework;
			remoteRef = 820D76791DDC35CF00FE1554 /* PBXContainerItemProxy */;
			sourceTree = BUILT_PRODUCTS_DIR;
		};
		82A0C0FC1DD223A50039D600 /* Reachability.framework */ = {
			isa = PBXReferenceProxy;
			fileType = wrapper.framework;
			path = Reachability.framework;
			remoteRef = 82A0C0FB1DD223A50039D600 /* PBXContainerItemProxy */;
			sourceTree = BUILT_PRODUCTS_DIR;
		};
		82A0C0FE1DD223A50039D600 /* Reachability.framework */ = {
			isa = PBXReferenceProxy;
			fileType = wrapper.framework;
			path = Reachability.framework;
			remoteRef = 82A0C0FD1DD223A50039D600 /* PBXContainerItemProxy */;
			sourceTree = BUILT_PRODUCTS_DIR;
		};
		82A0C1001DD223A50039D600 /* Reachability.framework */ = {
			isa = PBXReferenceProxy;
			fileType = wrapper.framework;
			path = Reachability.framework;
			remoteRef = 82A0C0FF1DD223A50039D600 /* PBXContainerItemProxy */;
			sourceTree = BUILT_PRODUCTS_DIR;
		};
		82A0C1021DD223A50039D600 /* ReachabilitySample.app */ = {
			isa = PBXReferenceProxy;
			fileType = wrapper.application;
			path = ReachabilitySample.app;
			remoteRef = 82A0C1011DD223A50039D600 /* PBXContainerItemProxy */;
			sourceTree = BUILT_PRODUCTS_DIR;
		};
		82A0C1041DD223A50039D600 /* ReachabilityMacSample.app */ = {
			isa = PBXReferenceProxy;
			fileType = wrapper.application;
			path = ReachabilityMacSample.app;
			remoteRef = 82A0C1031DD223A50039D600 /* PBXContainerItemProxy */;
			sourceTree = BUILT_PRODUCTS_DIR;
		};
		82A0C1061DD223A50039D600 /* ReachabilityAppleTVSample.app */ = {
			isa = PBXReferenceProxy;
			fileType = wrapper.application;
			path = ReachabilityAppleTVSample.app;
			remoteRef = 82A0C1051DD223A50039D600 /* PBXContainerItemProxy */;
			sourceTree = BUILT_PRODUCTS_DIR;
		};
/* End PBXReferenceProxy section */

/* Begin PBXResourcesBuildPhase section */
		82CF01701D97F0C800B9B9A0 /* Resources */ = {
			isa = PBXResourcesBuildPhase;
			buildActionMask = 2147483647;
			files = (
				82CF01801D97F0C800B9B9A0 /* LaunchScreen.storyboard in Resources */,
				82F08FEA1DA6446A00AA79FC /* Demo2.json in Resources */,
				82CF01AA1D97F46B00B9B9A0 /* 1.png in Resources */,
				82CF01AD1D97F46B00B9B9A0 /* background.png in Resources */,
				82CF01B91D99312B00B9B9A0 /* SouthAfrica.png in Resources */,
				820716A11D9B57DE0027C727 /* Province.plist in Resources */,
				82F08FF21DA6447D00AA79FC /* Demo3.json in Resources */,
				82CF01AB1D97F46B00B9B9A0 /* 2.png in Resources */,
				82CF01AC1D97F46B00B9B9A0 /* 3.png in Resources */,
				82CF017D1D97F0C800B9B9A0 /* Assets.xcassets in Resources */,
				82CF017B1D97F0C800B9B9A0 /* Main.storyboard in Resources */,
				82CF01B71D9807AF00B9B9A0 /* FirstCourse.plist in Resources */,
				820718A21D9E7B290027C727 /* Demo.json in Resources */,
			);
			runOnlyForDeploymentPostprocessing = 0;
		};
		82CF01841D97F0C800B9B9A0 /* Resources */ = {
			isa = PBXResourcesBuildPhase;
			buildActionMask = 2147483647;
			files = (
			);
			runOnlyForDeploymentPostprocessing = 0;
		};
		82CF018F1D97F0C800B9B9A0 /* Resources */ = {
			isa = PBXResourcesBuildPhase;
			buildActionMask = 2147483647;
			files = (
			);
			runOnlyForDeploymentPostprocessing = 0;
		};
/* End PBXResourcesBuildPhase section */

/* Begin PBXSourcesBuildPhase section */
		82CF016E1D97F0C800B9B9A0 /* Sources */ = {
			isa = PBXSourcesBuildPhase;
			buildActionMask = 2147483647;
			files = (
				82BADBBE1DBE434700D46AFB /* DetailedViewController.swift in Sources */,
				82CF01B31D97F51800B9B9A0 /* SecondViewController.swift in Sources */,
				82CF01B11D97F50600B9B9A0 /* FirstViewController.swift in Sources */,
				82CF01B51D97F52E00B9B9A0 /* ThirdViewController.swift in Sources */,
				820716A51D9D104E0027C727 /* DetailViewController.swift in Sources */,
				82CF01761D97F0C800B9B9A0 /* AppDelegate.swift in Sources */,
				82CF01AF1D97F4F700B9B9A0 /* MainViewController.swift in Sources */,
			);
			runOnlyForDeploymentPostprocessing = 0;
		};
		82CF01821D97F0C800B9B9A0 /* Sources */ = {
			isa = PBXSourcesBuildPhase;
			buildActionMask = 2147483647;
			files = (
				82CF018B1D97F0C800B9B9A0 /* BOBOResourceTests.swift in Sources */,
			);
			runOnlyForDeploymentPostprocessing = 0;
		};
		82CF018D1D97F0C800B9B9A0 /* Sources */ = {
			isa = PBXSourcesBuildPhase;
			buildActionMask = 2147483647;
			files = (
				82CF01961D97F0C800B9B9A0 /* BOBOResourceUITests.swift in Sources */,
			);
			runOnlyForDeploymentPostprocessing = 0;
		};
/* End PBXSourcesBuildPhase section */

/* Begin PBXTargetDependency section */
		82A0C1451DD3775F0039D600 /* PBXTargetDependency */ = {
			isa = PBXTargetDependency;
			name = Reachability;
			targetProxy = 82A0C1441DD3775F0039D600 /* PBXContainerItemProxy */;
		};
		82CF01881D97F0C800B9B9A0 /* PBXTargetDependency */ = {
			isa = PBXTargetDependency;
			target = 82CF01711D97F0C800B9B9A0 /* BOBOResource */;
			targetProxy = 82CF01871D97F0C800B9B9A0 /* PBXContainerItemProxy */;
		};
		82CF01931D97F0C800B9B9A0 /* PBXTargetDependency */ = {
			isa = PBXTargetDependency;
			target = 82CF01711D97F0C800B9B9A0 /* BOBOResource */;
			targetProxy = 82CF01921D97F0C800B9B9A0 /* PBXContainerItemProxy */;
		};
		82F08FD11DA49F4800AA79FC /* PBXTargetDependency */ = {
			isa = PBXTargetDependency;
			name = "SwiftyJSON iOS";
			targetProxy = 82F08FD01DA49F4800AA79FC /* PBXContainerItemProxy */;
		};
/* End PBXTargetDependency section */

/* Begin PBXVariantGroup section */
		82CF01791D97F0C800B9B9A0 /* Main.storyboard */ = {
			isa = PBXVariantGroup;
			children = (
				82CF017A1D97F0C800B9B9A0 /* Base */,
			);
			name = Main.storyboard;
			sourceTree = "<group>";
		};
		82CF017E1D97F0C800B9B9A0 /* LaunchScreen.storyboard */ = {
			isa = PBXVariantGroup;
			children = (
				82CF017F1D97F0C800B9B9A0 /* Base */,
			);
			name = LaunchScreen.storyboard;
			sourceTree = "<group>";
		};
/* End PBXVariantGroup section */

/* Begin XCBuildConfiguration section */
		82CF01981D97F0C800B9B9A0 /* Debug */ = {
			isa = XCBuildConfiguration;
			buildSettings = {
				ALWAYS_SEARCH_USER_PATHS = NO;
				CLANG_ANALYZER_NONNULL = YES;
				CLANG_CXX_LANGUAGE_STANDARD = "gnu++0x";
				CLANG_CXX_LIBRARY = "libc++";
				CLANG_ENABLE_MODULES = YES;
				CLANG_ENABLE_OBJC_ARC = YES;
				CLANG_WARN_BOOL_CONVERSION = YES;
				CLANG_WARN_CONSTANT_CONVERSION = YES;
				CLANG_WARN_DIRECT_OBJC_ISA_USAGE = YES_ERROR;
				CLANG_WARN_DOCUMENTATION_COMMENTS = YES;
				CLANG_WARN_EMPTY_BODY = YES;
				CLANG_WARN_ENUM_CONVERSION = YES;
				CLANG_WARN_INFINITE_RECURSION = YES;
				CLANG_WARN_INT_CONVERSION = YES;
				CLANG_WARN_OBJC_ROOT_CLASS = YES_ERROR;
				CLANG_WARN_SUSPICIOUS_MOVE = YES;
				CLANG_WARN_SUSPICIOUS_MOVES = YES;
				CLANG_WARN_UNREACHABLE_CODE = YES;
				CLANG_WARN__DUPLICATE_METHOD_MATCH = YES;
				"CODE_SIGN_IDENTITY[sdk=iphoneos*]" = "iPhone Developer";
				COPY_PHASE_STRIP = NO;
				DEBUG_INFORMATION_FORMAT = dwarf;
				ENABLE_STRICT_OBJC_MSGSEND = YES;
				ENABLE_TESTABILITY = YES;
				GCC_C_LANGUAGE_STANDARD = gnu99;
				GCC_DYNAMIC_NO_PIC = NO;
				GCC_NO_COMMON_BLOCKS = YES;
				GCC_OPTIMIZATION_LEVEL = 0;
				GCC_PREPROCESSOR_DEFINITIONS = (
					"DEBUG=1",
					"$(inherited)",
				);
				GCC_WARN_64_TO_32_BIT_CONVERSION = YES;
				GCC_WARN_ABOUT_RETURN_TYPE = YES_ERROR;
				GCC_WARN_UNDECLARED_SELECTOR = YES;
				GCC_WARN_UNINITIALIZED_AUTOS = YES_AGGRESSIVE;
				GCC_WARN_UNUSED_FUNCTION = YES;
				GCC_WARN_UNUSED_VARIABLE = YES;
				IPHONEOS_DEPLOYMENT_TARGET = 10.0;
				MTL_ENABLE_DEBUG_INFO = YES;
				NEW_SETTING = "";
				ONLY_ACTIVE_ARCH = YES;
				SDKROOT = iphoneos;
				SWIFT_ACTIVE_COMPILATION_CONDITIONS = DEBUG;
				SWIFT_OPTIMIZATION_LEVEL = "-Onone";
			};
			name = Debug;
		};
		82CF01991D97F0C800B9B9A0 /* Release */ = {
			isa = XCBuildConfiguration;
			buildSettings = {
				ALWAYS_SEARCH_USER_PATHS = NO;
				CLANG_ANALYZER_NONNULL = YES;
				CLANG_CXX_LANGUAGE_STANDARD = "gnu++0x";
				CLANG_CXX_LIBRARY = "libc++";
				CLANG_ENABLE_MODULES = YES;
				CLANG_ENABLE_OBJC_ARC = YES;
				CLANG_WARN_BOOL_CONVERSION = YES;
				CLANG_WARN_CONSTANT_CONVERSION = YES;
				CLANG_WARN_DIRECT_OBJC_ISA_USAGE = YES_ERROR;
				CLANG_WARN_DOCUMENTATION_COMMENTS = YES;
				CLANG_WARN_EMPTY_BODY = YES;
				CLANG_WARN_ENUM_CONVERSION = YES;
				CLANG_WARN_INFINITE_RECURSION = YES;
				CLANG_WARN_INT_CONVERSION = YES;
				CLANG_WARN_OBJC_ROOT_CLASS = YES_ERROR;
				CLANG_WARN_SUSPICIOUS_MOVE = YES;
				CLANG_WARN_SUSPICIOUS_MOVES = YES;
				CLANG_WARN_UNREACHABLE_CODE = YES;
				CLANG_WARN__DUPLICATE_METHOD_MATCH = YES;
				"CODE_SIGN_IDENTITY[sdk=iphoneos*]" = "iPhone Developer";
				COPY_PHASE_STRIP = NO;
				DEBUG_INFORMATION_FORMAT = "dwarf-with-dsym";
				ENABLE_NS_ASSERTIONS = NO;
				ENABLE_STRICT_OBJC_MSGSEND = YES;
				GCC_C_LANGUAGE_STANDARD = gnu99;
				GCC_NO_COMMON_BLOCKS = YES;
				GCC_WARN_64_TO_32_BIT_CONVERSION = YES;
				GCC_WARN_ABOUT_RETURN_TYPE = YES_ERROR;
				GCC_WARN_UNDECLARED_SELECTOR = YES;
				GCC_WARN_UNINITIALIZED_AUTOS = YES_AGGRESSIVE;
				GCC_WARN_UNUSED_FUNCTION = YES;
				GCC_WARN_UNUSED_VARIABLE = YES;
				IPHONEOS_DEPLOYMENT_TARGET = 10.0;
				MTL_ENABLE_DEBUG_INFO = NO;
				NEW_SETTING = "";
				SDKROOT = iphoneos;
				SWIFT_OPTIMIZATION_LEVEL = "-Owholemodule";
				VALIDATE_PRODUCT = YES;
			};
			name = Release;
		};
		82CF019B1D97F0C800B9B9A0 /* Debug */ = {
			isa = XCBuildConfiguration;
			buildSettings = {
				ALWAYS_EMBED_SWIFT_STANDARD_LIBRARIES = YES;
				ASSETCATALOG_COMPILER_APPICON_NAME = AppIcon;
				DEVELOPMENT_TEAM = C4JBYMVTNL;
				INFOPLIST_FILE = BOBOResource/Info.plist;
				IPHONEOS_DEPLOYMENT_TARGET = 10.0;
				LD_RUNPATH_SEARCH_PATHS = "$(inherited) @executable_path/Frameworks";
				NEW_SETTING = "";
				PRODUCT_BUNDLE_IDENTIFIER = mrdubo.BOBOResource;
				PRODUCT_NAME = "$(TARGET_NAME)";
				SWIFT_VERSION = 3.0;
			};
			name = Debug;
		};
		82CF019C1D97F0C800B9B9A0 /* Release */ = {
			isa = XCBuildConfiguration;
			buildSettings = {
				ALWAYS_EMBED_SWIFT_STANDARD_LIBRARIES = YES;
				ASSETCATALOG_COMPILER_APPICON_NAME = AppIcon;
				DEVELOPMENT_TEAM = C4JBYMVTNL;
				INFOPLIST_FILE = BOBOResource/Info.plist;
				IPHONEOS_DEPLOYMENT_TARGET = 10.0;
				LD_RUNPATH_SEARCH_PATHS = "$(inherited) @executable_path/Frameworks";
				NEW_SETTING = "";
				PRODUCT_BUNDLE_IDENTIFIER = mrdubo.BOBOResource;
				PRODUCT_NAME = "$(TARGET_NAME)";
				SWIFT_VERSION = 3.0;
			};
			name = Release;
		};
		82CF019E1D97F0C800B9B9A0 /* Debug */ = {
			isa = XCBuildConfiguration;
			buildSettings = {
				ALWAYS_EMBED_SWIFT_STANDARD_LIBRARIES = YES;
				BUNDLE_LOADER = "$(TEST_HOST)";
				INFOPLIST_FILE = BOBOResourceTests/Info.plist;
				LD_RUNPATH_SEARCH_PATHS = "$(inherited) @executable_path/Frameworks @loader_path/Frameworks";
				PRODUCT_BUNDLE_IDENTIFIER = mrdubo.BOBOResourceTests;
				PRODUCT_NAME = "$(TARGET_NAME)";
				SWIFT_VERSION = 3.0;
				TEST_HOST = "$(BUILT_PRODUCTS_DIR)/BOBOResource.app/BOBOResource";
			};
			name = Debug;
		};
		82CF019F1D97F0C800B9B9A0 /* Release */ = {
			isa = XCBuildConfiguration;
			buildSettings = {
				ALWAYS_EMBED_SWIFT_STANDARD_LIBRARIES = YES;
				BUNDLE_LOADER = "$(TEST_HOST)";
				INFOPLIST_FILE = BOBOResourceTests/Info.plist;
				LD_RUNPATH_SEARCH_PATHS = "$(inherited) @executable_path/Frameworks @loader_path/Frameworks";
				PRODUCT_BUNDLE_IDENTIFIER = mrdubo.BOBOResourceTests;
				PRODUCT_NAME = "$(TARGET_NAME)";
				SWIFT_VERSION = 3.0;
				TEST_HOST = "$(BUILT_PRODUCTS_DIR)/BOBOResource.app/BOBOResource";
			};
			name = Release;
		};
		82CF01A11D97F0C800B9B9A0 /* Debug */ = {
			isa = XCBuildConfiguration;
			buildSettings = {
				ALWAYS_EMBED_SWIFT_STANDARD_LIBRARIES = YES;
				INFOPLIST_FILE = BOBOResourceUITests/Info.plist;
				LD_RUNPATH_SEARCH_PATHS = "$(inherited) @executable_path/Frameworks @loader_path/Frameworks";
				PRODUCT_BUNDLE_IDENTIFIER = mrdubo.BOBOResourceUITests;
				PRODUCT_NAME = "$(TARGET_NAME)";
				SWIFT_VERSION = 3.0;
				TEST_TARGET_NAME = BOBOResource;
			};
			name = Debug;
		};
		82CF01A21D97F0C800B9B9A0 /* Release */ = {
			isa = XCBuildConfiguration;
			buildSettings = {
				ALWAYS_EMBED_SWIFT_STANDARD_LIBRARIES = YES;
				INFOPLIST_FILE = BOBOResourceUITests/Info.plist;
				LD_RUNPATH_SEARCH_PATHS = "$(inherited) @executable_path/Frameworks @loader_path/Frameworks";
				PRODUCT_BUNDLE_IDENTIFIER = mrdubo.BOBOResourceUITests;
				PRODUCT_NAME = "$(TARGET_NAME)";
				SWIFT_VERSION = 3.0;
				TEST_TARGET_NAME = BOBOResource;
			};
			name = Release;
		};
/* End XCBuildConfiguration section */

/* Begin XCConfigurationList section */
		82CF016D1D97F0C800B9B9A0 /* Build configuration list for PBXProject "BOBOResource" */ = {
			isa = XCConfigurationList;
			buildConfigurations = (
				82CF01981D97F0C800B9B9A0 /* Debug */,
				82CF01991D97F0C800B9B9A0 /* Release */,
			);
			defaultConfigurationIsVisible = 0;
			defaultConfigurationName = Release;
		};
		82CF019A1D97F0C800B9B9A0 /* Build configuration list for PBXNativeTarget "BOBOResource" */ = {
			isa = XCConfigurationList;
			buildConfigurations = (
				82CF019B1D97F0C800B9B9A0 /* Debug */,
				82CF019C1D97F0C800B9B9A0 /* Release */,
			);
			defaultConfigurationIsVisible = 0;
			defaultConfigurationName = Release;
		};
		82CF019D1D97F0C800B9B9A0 /* Build configuration list for PBXNativeTarget "BOBOResourceTests" */ = {
			isa = XCConfigurationList;
			buildConfigurations = (
				82CF019E1D97F0C800B9B9A0 /* Debug */,
				82CF019F1D97F0C800B9B9A0 /* Release */,
			);
			defaultConfigurationIsVisible = 0;
			defaultConfigurationName = Release;
		};
		82CF01A01D97F0C800B9B9A0 /* Build configuration list for PBXNativeTarget "BOBOResourceUITests" */ = {
			isa = XCConfigurationList;
			buildConfigurations = (
				82CF01A11D97F0C800B9B9A0 /* Debug */,
				82CF01A21D97F0C800B9B9A0 /* Release */,
			);
			defaultConfigurationIsVisible = 0;
			defaultConfigurationName = Release;
		};
/* End XCConfigurationList section */
	};
	rootObject = 82CF016A1D97F0C800B9B9A0 /* Project object */;
}
